
Microsoft Visual Studio Solution File, Format Version 12.00
# Visual Studio Version 17
VisualStudioVersion = 17.0.31903.59
MinimumVisualStudioVersion = 10.0.40219.1
Project("{2150E333-8FDC-42A3-9474-1A3956D46DE8}") = "src", "src", "{827E0CD3-B72D-47B6-A68D-7590B98EB39B}"
EndProject
Project("{FAE04EC0-301F-11D3-BF4B-00C04F79EFBC}") = "Vigilo.App", "src\Vigilo.App\Vigilo.App.csproj", "{D688B443-2F57-4CE5-841D-4991D1AF2F6C}"
EndProject
Project("{FAE04EC0-301F-11D3-BF4B-00C04F79EFBC}") = "Vigilo.Core", "src\Vigilo.Core\Vigilo.Core.csproj", "{224DAD07-7D9C-41A4-B263-7745BFA55E0F}"
EndProject
Project("{FAE04EC0-301F-11D3-BF4B-00C04F79EFBC}") = "Vigilo.Email", "src\Vigilo.Email\Vigilo.Email.csproj", "{56D6DFF1-4665-43FE-BDE0-DFF23BB3A847}"
EndProject
Project("{FAE04EC0-301F-11D3-BF4B-00C04F79EFBC}") = "Vigilo.Classification", "src\Vigilo.Classification\Vigilo.Classification.csproj", "{5EC9D18E-5D23-4376-8207-B625DEC840C3}"
EndProject
Project("{FAE04EC0-301F-11D3-BF4B-00C04F79EFBC}") = "Vigilo.Storage", "src\Vigilo.Storage\Vigilo.Storage.csproj", "{66ECF4FD-6CEC-43B8-B56A-8D060E85E892}"
EndProject
Project("{FAE04EC0-301F-11D3-BF4B-00C04F79EFBC}") = "Vigilo.LocalAi", "src\Vigilo.LocalAi\Vigilo.LocalAi.csproj", "{4DADE08A-EE7E-42A4-963C-B506DC33D525}"
EndProject
Project("{FAE04EC0-301F-11D3-BF4B-00C04F79EFBC}") = "Vigilo.Tests", "src\Vigilo.Tests\Vigilo.Tests.csproj", "{B99D6006-A629-485D-9141-FD216DECA8ED}"
EndProject
Project("{FAE04EC0-301F-11D3-BF4B-00C04F79EFBC}") = "Vigilo.Outlook", "src\Vigilo.Outlook\Vigilo.Outlook.csproj", "{3CB3D141-B4CA-41A4-A159-AC655C845608}"
EndProject
Project("{FAE04EC0-301F-11D3-BF4B-00C04F79EFBC}") = "Vigilo.Configuration", "src\Vigilo.Configuration\Vigilo.Configuration.csproj", "{A89D2A75-0C5C-4A99-88D7-C6749C2BBCE4}"
EndProject
Global
	GlobalSection(SolutionConfigurationPlatforms) = preSolution
		Debug|Any CPU = Debug|Any CPU
		Debug|x64 = Debug|x64
		Debug|x86 = Debug|x86
		Release|Any CPU = Release|Any CPU
		Release|x64 = Release|x64
		Release|x86 = Release|x86
	EndGlobalSection
	GlobalSection(ProjectConfigurationPlatforms) = postSolution
		{D688B443-2F57-4CE5-841D-4991D1AF2F6C}.Debug|Any CPU.ActiveCfg = Debug|Any CPU
		{D688B443-2F57-4CE5-841D-4991D1AF2F6C}.Debug|Any CPU.Build.0 = Debug|Any CPU
		{D688B443-2F57-4CE5-841D-4991D1AF2F6C}.Debug|x64.ActiveCfg = Debug|Any CPU
		{D688B443-2F57-4CE5-841D-4991D1AF2F6C}.Debug|x64.Build.0 = Debug|Any CPU
		{D688B443-2F57-4CE5-841D-4991D1AF2F6C}.Debug|x86.ActiveCfg = Debug|Any CPU
		{D688B443-2F57-4CE5-841D-4991D1AF2F6C}.Debug|x86.Build.0 = Debug|Any CPU
		{D688B443-2F57-4CE5-841D-4991D1AF2F6C}.Release|Any CPU.ActiveCfg = Release|Any CPU
		{D688B443-2F57-4CE5-841D-4991D1AF2F6C}.Release|Any CPU.Build.0 = Release|Any CPU
		{D688B443-2F57-4CE5-841D-4991D1AF2F6C}.Release|x64.ActiveCfg = Release|Any CPU
		{D688B443-2F57-4CE5-841D-4991D1AF2F6C}.Release|x64.Build.0 = Release|Any CPU
		{D688B443-2F57-4CE5-841D-4991D1AF2F6C}.Release|x86.ActiveCfg = Release|Any CPU
		{D688B443-2F57-4CE5-841D-4991D1AF2F6C}.Release|x86.Build.0 = Release|Any CPU
		{224DAD07-7D9C-41A4-B263-7745BFA55E0F}.Debug|Any CPU.ActiveCfg = Debug|Any CPU
		{224DAD07-7D9C-41A4-B263-7745BFA55E0F}.Debug|Any CPU.Build.0 = Debug|Any CPU
		{224DAD07-7D9C-41A4-B263-7745BFA55E0F}.Debug|x64.ActiveCfg = Debug|Any CPU
		{224DAD07-7D9C-41A4-B263-7745BFA55E0F}.Debug|x64.Build.0 = Debug|Any CPU
		{224DAD07-7D9C-41A4-B263-7745BFA55E0F}.Debug|x86.ActiveCfg = Debug|Any CPU
		{224DAD07-7D9C-41A4-B263-7745BFA55E0F}.Debug|x86.Build.0 = Debug|Any CPU
		{224DAD07-7D9C-41A4-B263-7745BFA55E0F}.Release|Any CPU.ActiveCfg = Release|Any CPU
		{224DAD07-7D9C-41A4-B263-7745BFA55E0F}.Release|Any CPU.Build.0 = Release|Any CPU
		{224DAD07-7D9C-41A4-B263-7745BFA55E0F}.Release|x64.ActiveCfg = Release|Any CPU
		{224DAD07-7D9C-41A4-B263-7745BFA55E0F}.Release|x64.Build.0 = Release|Any CPU
		{224DAD07-7D9C-41A4-B263-7745BFA55E0F}.Release|x86.ActiveCfg = Release|Any CPU
		{224DAD07-7D9C-41A4-B263-7745BFA55E0F}.Release|x86.Build.0 = Release|Any CPU
		{56D6DFF1-4665-43FE-BDE0-DFF23BB3A847}.Debug|Any CPU.ActiveCfg = Debug|Any CPU
		{56D6DFF1-4665-43FE-BDE0-DFF23BB3A847}.Debug|Any CPU.Build.0 = Debug|Any CPU
		{56D6DFF1-4665-43FE-BDE0-DFF23BB3A847}.Debug|x64.ActiveCfg = Debug|Any CPU
		{56D6DFF1-4665-43FE-BDE0-DFF23BB3A847}.Debug|x64.Build.0 = Debug|Any CPU
		{56D6DFF1-4665-43FE-BDE0-DFF23BB3A847}.Debug|x86.ActiveCfg = Debug|Any CPU
		{56D6DFF1-4665-43FE-BDE0-DFF23BB3A847}.Debug|x86.Build.0 = Debug|Any CPU
		{56D6DFF1-4665-43FE-BDE0-DFF23BB3A847}.Release|Any CPU.ActiveCfg = Release|Any CPU
		{56D6DFF1-4665-43FE-BDE0-DFF23BB3A847}.Release|Any CPU.Build.0 = Release|Any CPU
		{56D6DFF1-4665-43FE-BDE0-DFF23BB3A847}.Release|x64.ActiveCfg = Release|Any CPU
		{56D6DFF1-4665-43FE-BDE0-DFF23BB3A847}.Release|x64.Build.0 = Release|Any CPU
		{56D6DFF1-4665-43FE-BDE0-DFF23BB3A847}.Release|x86.ActiveCfg = Release|Any CPU
		{56D6DFF1-4665-43FE-BDE0-DFF23BB3A847}.Release|x86.Build.0 = Release|Any CPU
		{5EC9D18E-5D23-4376-8207-B625DEC840C3}.Debug|Any CPU.ActiveCfg = Debug|Any CPU
		{5EC9D18E-5D23-4376-8207-B625DEC840C3}.Debug|Any CPU.Build.0 = Debug|Any CPU
		{5EC9D18E-5D23-4376-8207-B625DEC840C3}.Debug|x64.ActiveCfg = Debug|Any CPU
		{5EC9D18E-5D23-4376-8207-B625DEC840C3}.Debug|x64.Build.0 = Debug|Any CPU
		{5EC9D18E-5D23-4376-8207-B625DEC840C3}.Debug|x86.ActiveCfg = Debug|Any CPU
		{5EC9D18E-5D23-4376-8207-B625DEC840C3}.Debug|x86.Build.0 = Debug|Any CPU
		{5EC9D18E-5D23-4376-8207-B625DEC840C3}.Release|Any CPU.ActiveCfg = Release|Any CPU
		{5EC9D18E-5D23-4376-8207-B625DEC840C3}.Release|Any CPU.Build.0 = Release|Any CPU
		{5EC9D18E-5D23-4376-8207-B625DEC840C3}.Release|x64.ActiveCfg = Release|Any CPU
		{5EC9D18E-5D23-4376-8207-B625DEC840C3}.Release|x64.Build.0 = Release|Any CPU
		{5EC9D18E-5D23-4376-8207-B625DEC840C3}.Release|x86.ActiveCfg = Release|Any CPU
		{5EC9D18E-5D23-4376-8207-B625DEC840C3}.Release|x86.Build.0 = Release|Any CPU
		{66ECF4FD-6CEC-43B8-B56A-8D060E85E892}.Debug|Any CPU.ActiveCfg = Debug|Any CPU
		{66ECF4FD-6CEC-43B8-B56A-8D060E85E892}.Debug|Any CPU.Build.0 = Debug|Any CPU
		{66ECF4FD-6CEC-43B8-B56A-8D060E85E892}.Debug|x64.ActiveCfg = Debug|Any CPU
		{66ECF4FD-6CEC-43B8-B56A-8D060E85E892}.Debug|x64.Build.0 = Debug|Any CPU
		{66ECF4FD-6CEC-43B8-B56A-8D060E85E892}.Debug|x86.ActiveCfg = Debug|Any CPU
		{66ECF4FD-6CEC-43B8-B56A-8D060E85E892}.Debug|x86.Build.0 = Debug|Any CPU
		{66ECF4FD-6CEC-43B8-B56A-8D060E85E892}.Release|Any CPU.ActiveCfg = Release|Any CPU
		{66ECF4FD-6CEC-43B8-B56A-8D060E85E892}.Release|Any CPU.Build.0 = Release|Any CPU
		{66ECF4FD-6CEC-43B8-B56A-8D060E85E892}.Release|x64.ActiveCfg = Release|Any CPU
		{66ECF4FD-6CEC-43B8-B56A-8D060E85E892}.Release|x64.Build.0 = Release|Any CPU
		{66ECF4FD-6CEC-43B8-B56A-8D060E85E892}.Release|x86.ActiveCfg = Release|Any CPU
		{66ECF4FD-6CEC-43B8-B56A-8D060E85E892}.Release|x86.Build.0 = Release|Any CPU
		{4DADE08A-EE7E-42A4-963C-B506DC33D525}.Debug|Any CPU.ActiveCfg = Debug|Any CPU
		{4DADE08A-EE7E-42A4-963C-B506DC33D525}.Debug|Any CPU.Build.0 = Debug|Any CPU
		{4DADE08A-EE7E-42A4-963C-B506DC33D525}.Debug|x64.ActiveCfg = Debug|Any CPU
		{4DADE08A-EE7E-42A4-963C-B506DC33D525}.Debug|x64.Build.0 = Debug|Any CPU
		{4DADE08A-EE7E-42A4-963C-B506DC33D525}.Debug|x86.ActiveCfg = Debug|Any CPU
		{4DADE08A-EE7E-42A4-963C-B506DC33D525}.Debug|x86.Build.0 = Debug|Any CPU
		{4DADE08A-EE7E-42A4-963C-B506DC33D525}.Release|Any CPU.ActiveCfg = Release|Any CPU
		{4DADE08A-EE7E-42A4-963C-B506DC33D525}.Release|Any CPU.Build.0 = Release|Any CPU
		{4DADE08A-EE7E-42A4-963C-B506DC33D525}.Release|x64.ActiveCfg = Release|Any CPU
		{4DADE08A-EE7E-42A4-963C-B506DC33D525}.Release|x64.Build.0 = Release|Any CPU
		{4DADE08A-EE7E-42A4-963C-B506DC33D525}.Release|x86.ActiveCfg = Release|Any CPU
		{4DADE08A-EE7E-42A4-963C-B506DC33D525}.Release|x86.Build.0 = Release|Any CPU
		{B99D6006-A629-485D-9141-FD216DECA8ED}.Debug|Any CPU.ActiveCfg = Debug|Any CPU
		{B99D6006-A629-485D-9141-FD216DECA8ED}.Debug|Any CPU.Build.0 = Debug|Any CPU
		{B99D6006-A629-485D-9141-FD216DECA8ED}.Debug|x64.ActiveCfg = Debug|Any CPU
		{B99D6006-A629-485D-9141-FD216DECA8ED}.Debug|x64.Build.0 = Debug|Any CPU
		{B99D6006-A629-485D-9141-FD216DECA8ED}.Debug|x86.ActiveCfg = Debug|Any CPU
		{B99D6006-A629-485D-9141-FD216DECA8ED}.Debug|x86.Build.0 = Debug|Any CPU
		{B99D6006-A629-485D-9141-FD216DECA8ED}.Release|Any CPU.ActiveCfg = Release|Any CPU
		{B99D6006-A629-485D-9141-FD216DECA8ED}.Release|Any CPU.Build.0 = Release|Any CPU
		{B99D6006-A629-485D-9141-FD216DECA8ED}.Release|x64.ActiveCfg = Release|Any CPU
		{B99D6006-A629-485D-9141-FD216DECA8ED}.Release|x64.Build.0 = Release|Any CPU
		{B99D6006-A629-485D-9141-FD216DECA8ED}.Release|x86.ActiveCfg = Release|Any CPU
		{B99D6006-A629-485D-9141-FD216DECA8ED}.Release|x86.Build.0 = Release|Any CPU
		{3CB3D141-B4CA-41A4-A159-AC655C845608}.Debug|Any CPU.ActiveCfg = Debug|Any CPU
		{3CB3D141-B4CA-41A4-A159-AC655C845608}.Debug|Any CPU.Build.0 = Debug|Any CPU
		{3CB3D141-B4CA-41A4-A159-AC655C845608}.Debug|x64.ActiveCfg = Debug|Any CPU
		{3CB3D141-B4CA-41A4-A159-AC655C845608}.Debug|x64.Build.0 = Debug|Any CPU
		{3CB3D141-B4CA-41A4-A159-AC655C845608}.Debug|x86.ActiveCfg = Debug|Any CPU
		{3CB3D141-B4CA-41A4-A159-AC655C845608}.Debug|x86.Build.0 = Debug|Any CPU
		{3CB3D141-B4CA-41A4-A159-AC655C845608}.Release|Any CPU.ActiveCfg = Release|Any CPU
		{3CB3D141-B4CA-41A4-A159-AC655C845608}.Release|Any CPU.Build.0 = Release|Any CPU
		{3CB3D141-B4CA-41A4-A159-AC655C845608}.Release|x64.ActiveCfg = Release|Any CPU
		{3CB3D141-B4CA-41A4-A159-AC655C845608}.Release|x64.Build.0 = Release|Any CPU
		{3CB3D141-B4CA-41A4-A159-AC655C845608}.Release|x86.ActiveCfg = Release|Any CPU
		{3CB3D141-B4CA-41A4-A159-AC655C845608}.Release|x86.Build.0 = Release|Any CPU
		{A89D2A75-0C5C-4A99-88D7-C6749C2BBCE4}.Debug|Any CPU.ActiveCfg = Debug|Any CPU
		{A89D2A75-0C5C-4A99-88D7-C6749C2BBCE4}.Debug|Any CPU.Build.0 = Debug|Any CPU
		{A89D2A75-0C5C-4A99-88D7-C6749C2BBCE4}.Debug|x64.ActiveCfg = Debug|Any CPU
		{A89D2A75-0C5C-4A99-88D7-C6749C2BBCE4}.Debug|x64.Build.0 = Debug|Any CPU
		{A89D2A75-0C5C-4A99-88D7-C6749C2BBCE4}.Debug|x86.ActiveCfg = Debug|Any CPU
		{A89D2A75-0C5C-4A99-88D7-C6749C2BBCE4}.Debug|x86.Build.0 = Debug|Any CPU
		{A89D2A75-0C5C-4A99-88D7-C6749C2BBCE4}.Release|Any CPU.ActiveCfg = Release|Any CPU
		{A89D2A75-0C5C-4A99-88D7-C6749C2BBCE4}.Release|Any CPU.Build.0 = Release|Any CPU
		{A89D2A75-0C5C-4A99-88D7-C6749C2BBCE4}.Release|x64.ActiveCfg = Release|Any CPU
		{A89D2A75-0C5C-4A99-88D7-C6749C2BBCE4}.Release|x64.Build.0 = Release|Any CPU
		{A89D2A75-0C5C-4A99-88D7-C6749C2BBCE4}.Release|x86.ActiveCfg = Release|Any CPU
		{A89D2A75-0C5C-4A99-88D7-C6749C2BBCE4}.Release|x86.Build.0 = Release|Any CPU
	EndGlobalSection
	GlobalSection(SolutionProperties) = preSolution
		HideSolutionNode = FALSE
	EndGlobalSection
	GlobalSection(NestedProjects) = preSolution
		{D688B443-2F57-4CE5-841D-4991D1AF2F6C} = {827E0CD3-B72D-47B6-A68D-7590B98EB39B}
		{224DAD07-7D9C-41A4-B263-7745BFA55E0F} = {827E0CD3-B72D-47B6-A68D-7590B98EB39B}
		{56D6DFF1-4665-43FE-BDE0-DFF23BB3A847} = {827E0CD3-B72D-47B6-A68D-7590B98EB39B}
		{5EC9D18E-5D23-4376-8207-B625DEC840C3} = {827E0CD3-B72D-47B6-A68D-7590B98EB39B}
		{66ECF4FD-6CEC-43B8-B56A-8D060E85E892} = {827E0CD3-B72D-47B6-A68D-7590B98EB39B}
		{4DADE08A-EE7E-42A4-963C-B506DC33D525} = {827E0CD3-B72D-47B6-A68D-7590B98EB39B}
		{B99D6006-A629-485D-9141-FD216DECA8ED} = {827E0CD3-B72D-47B6-A68D-7590B98EB39B}
		{3CB3D141-B4CA-41A4-A159-AC655C845608} = {827E0CD3-B72D-47B6-A68D-7590B98EB39B}
		{A89D2A75-0C5C-4A99-88D7-C6749C2BBCE4} = {827E0CD3-B72D-47B6-A68D-7590B98EB39B}
	EndGlobalSection
EndGlobal
